{
  "requires": true,
  "lockfileVersion": 1,
  "dependencies": {
    "@tensorflow/tfjs-core": {
      "version": "0.11.9",
      "resolved": "http://registry.npm.taobao.org/@tensorflow/tfjs-core/download/@tensorflow/tfjs-core-0.11.9.tgz",
      "integrity": "sha1-toQlU1mUEWLGSzl9UVwxC9ECf+g=",
      "requires": {
        "seedrandom": "~2.4.3"
      }
    },
    "face-api.js": {
      "version": "0.9.0",
      "resolved": "http://registry.npm.taobao.org/face-api.js/download/face-api.js-0.9.0.tgz",
      "integrity": "sha1-LDlMnyXzbJs12tKa0T9dy7Vrguk=",
      "requires": {
        "@tensorflow/tfjs-core": "^0.11.9"
      }
    },
    "seedrandom": {
      "version": "2.4.3",
      "resolved": "http://registry.npm.taobao.org/seedrandom/download/seedrandom-2.4.3.tgz",
      "integrity": "sha1-JDhQTa0zkXMUv/GKxNeU8W1qrsw="
    }
  }
}
